
Microsoft Visual Studio Solution File, Format Version 12.00
# Visual Studio Version 16
VisualStudioVersion = 16.0.31911.196
MinimumVisualStudioVersion = 10.0.40219.1
Project("{FAE04EC0-301F-11D3-BF4B-00C04F79EFBC}") = "EntryTutorial.Android", "EntryTutorial\EntryTutorial.Android\EntryTutorial.Android.csproj", "{2E5A87CD-ADE2-4409-B6DE-21E16A19275E}"
EndProject
Project("{FAE04EC0-301F-11D3-BF4B-00C04F79EFBC}") = "EntryTutorial.iOS", "EntryTutorial\EntryTutorial.iOS\EntryTutorial.iOS.csproj", "{A9B85C7B-6967-43FD-85FD-DB3765231DD4}"
EndProject
Project("{FAE04EC0-301F-11D3-BF4B-00C04F79EFBC}") = "EntryTutorial", "EntryTutorial\EntryTutorial\EntryTutorial.csproj", "{294452E8-9C65-482D-BAD4-32D3B3A61F24}"
EndProject
Global
	GlobalSection(SolutionConfigurationPlatforms) = preSolution
		Debug|Any CPU = Debug|Any CPU
		Debug|iPhone = Debug|iPhone
		Debug|iPhoneSimulator = Debug|iPhoneSimulator
		Release|Any CPU = Release|Any CPU
		Release|iPhone = Release|iPhone
		Release|iPhoneSimulator = Release|iPhoneSimulator
	EndGlobalSection
	GlobalSection(ProjectConfigurationPlatforms) = postSolution
		{2E5A87CD-ADE2-4409-B6DE-21E16A19275E}.Debug|Any CPU.ActiveCfg = Debug|Any CPU
		{2E5A87CD-ADE2-4409-B6DE-21E16A19275E}.Debug|Any CPU.Build.0 = Debug|Any CPU
		{2E5A87CD-ADE2-4409-B6DE-21E16A19275E}.Debug|Any CPU.Deploy.0 = Debug|Any CPU
		{2E5A87CD-ADE2-4409-B6DE-21E16A19275E}.Debug|iPhone.ActiveCfg = Debug|Any CPU
		{2E5A87CD-ADE2-4409-B6DE-21E16A19275E}.Debug|iPhone.Build.0 = Debug|Any CPU
		{2E5A87CD-ADE2-4409-B6DE-21E16A19275E}.Debug|iPhone.Deploy.0 = Debug|Any CPU
		{2E5A87CD-ADE2-4409-B6DE-21E16A19275E}.Debug|iPhoneSimulator.ActiveCfg = Debug|Any CPU
		{2E5A87CD-ADE2-4409-B6DE-21E16A19275E}.Debug|iPhoneSimulator.Build.0 = Debug|Any CPU
		{2E5A87CD-ADE2-4409-B6DE-21E16A19275E}.Debug|iPhoneSimulator.Deploy.0 = Debug|Any CPU
		{2E5A87CD-ADE2-4409-B6DE-21E16A19275E}.Release|Any CPU.ActiveCfg = Release|Any CPU
		{2E5A87CD-ADE2-4409-B6DE-21E16A19275E}.Release|Any CPU.Build.0 = Release|Any CPU
		{2E5A87CD-ADE2-4409-B6DE-21E16A19275E}.Release|Any CPU.Deploy.0 = Release|Any CPU
		{2E5A87CD-ADE2-4409-B6DE-21E16A19275E}.Release|iPhone.ActiveCfg = Release|Any CPU
		{2E5A87CD-ADE2-4409-B6DE-21E16A19275E}.Release|iPhone.Build.0 = Release|Any CPU
		{2E5A87CD-ADE2-4409-B6DE-21E16A19275E}.Release|iPhone.Deploy.0 = Release|Any CPU
		{2E5A87CD-ADE2-4409-B6DE-21E16A19275E}.Release|iPhoneSimulator.ActiveCfg = Release|Any CPU
		{2E5A87CD-ADE2-4409-B6DE-21E16A19275E}.Release|iPhoneSimulator.Build.0 = Release|Any CPU
		{2E5A87CD-ADE2-4409-B6DE-21E16A19275E}.Release|iPhoneSimulator.Deploy.0 = Release|Any CPU
		{A9B85C7B-6967-43FD-85FD-DB3765231DD4}.Debug|Any CPU.ActiveCfg = Debug|iPhone
		{A9B85C7B-6967-43FD-85FD-DB3765231DD4}.Debug|Any CPU.Build.0 = Debug|iPhone
		{A9B85C7B-6967-43FD-85FD-DB3765231DD4}.Debug|Any CPU.Deploy.0 = Debug|iPhone
		{A9B85C7B-6967-43FD-85FD-DB3765231DD4}.Debug|iPhone.ActiveCfg = Debug|iPhone
		{A9B85C7B-6967-43FD-85FD-DB3765231DD4}.Debug|iPhone.Build.0 = Debug|iPhone
		{A9B85C7B-6967-43FD-85FD-DB3765231DD4}.Debug|iPhone.Deploy.0 = Debug|iPhone
		{A9B85C7B-6967-43FD-85FD-DB3765231DD4}.Debug|iPhoneSimulator.ActiveCfg = Debug|iPhoneSimulator
		{A9B85C7B-6967-43FD-85FD-DB3765231DD4}.Debug|iPhoneSimulator.Build.0 = Debug|iPhoneSimulator
		{A9B85C7B-6967-43FD-85FD-DB3765231DD4}.Debug|iPhoneSimulator.Deploy.0 = Debug|iPhoneSimulator
		{A9B85C7B-6967-43FD-85FD-DB3765231DD4}.Release|Any CPU.ActiveCfg = Release|iPhoneSimulator
		{A9B85C7B-6967-43FD-85FD-DB3765231DD4}.Release|Any CPU.Build.0 = Release|iPhoneSimulator
		{A9B85C7B-6967-43FD-85FD-DB3765231DD4}.Release|Any CPU.Deploy.0 = Release|iPhoneSimulator
		{A9B85C7B-6967-43FD-85FD-DB3765231DD4}.Release|iPhone.ActiveCfg = Release|iPhone
		{A9B85C7B-6967-43FD-85FD-DB3765231DD4}.Release|iPhone.Build.0 = Release|iPhone
		{A9B85C7B-6967-43FD-85FD-DB3765231DD4}.Release|iPhone.Deploy.0 = Release|iPhone
		{A9B85C7B-6967-43FD-85FD-DB3765231DD4}.Release|iPhoneSimulator.ActiveCfg = Release|iPhoneSimulator
		{A9B85C7B-6967-43FD-85FD-DB3765231DD4}.Release|iPhoneSimulator.Build.0 = Release|iPhoneSimulator
		{A9B85C7B-6967-43FD-85FD-DB3765231DD4}.Release|iPhoneSimulator.Deploy.0 = Release|iPhoneSimulator
		{294452E8-9C65-482D-BAD4-32D3B3A61F24}.Debug|Any CPU.ActiveCfg = Debug|Any CPU
		{294452E8-9C65-482D-BAD4-32D3B3A61F24}.Debug|Any CPU.Build.0 = Debug|Any CPU
		{294452E8-9C65-482D-BAD4-32D3B3A61F24}.Debug|Any CPU.Deploy.0 = Debug|Any CPU
		{294452E8-9C65-482D-BAD4-32D3B3A61F24}.Debug|iPhone.ActiveCfg = Debug|Any CPU
		{294452E8-9C65-482D-BAD4-32D3B3A61F24}.Debug|iPhone.Build.0 = Debug|Any CPU
		{294452E8-9C65-482D-BAD4-32D3B3A61F24}.Debug|iPhone.Deploy.0 = Debug|Any CPU
		{294452E8-9C65-482D-BAD4-32D3B3A61F24}.Debug|iPhoneSimulator.ActiveCfg = Debug|Any CPU
		{294452E8-9C65-482D-BAD4-32D3B3A61F24}.Debug|iPhoneSimulator.Build.0 = Debug|Any CPU
		{294452E8-9C65-482D-BAD4-32D3B3A61F24}.Debug|iPhoneSimulator.Deploy.0 = Debug|Any CPU
		{294452E8-9C65-482D-BAD4-32D3B3A61F24}.Release|Any CPU.ActiveCfg = Release|Any CPU
		{294452E8-9C65-482D-BAD4-32D3B3A61F24}.Release|Any CPU.Build.0 = Release|Any CPU
		{294452E8-9C65-482D-BAD4-32D3B3A61F24}.Release|Any CPU.Deploy.0 = Release|Any CPU
		{294452E8-9C65-482D-BAD4-32D3B3A61F24}.Release|iPhone.ActiveCfg = Release|Any CPU
		{294452E8-9C65-482D-BAD4-32D3B3A61F24}.Release|iPhone.Build.0 = Release|Any CPU
		{294452E8-9C65-482D-BAD4-32D3B3A61F24}.Release|iPhone.Deploy.0 = Release|Any CPU
		{294452E8-9C65-482D-BAD4-32D3B3A61F24}.Release|iPhoneSimulator.ActiveCfg = Release|Any CPU
		{294452E8-9C65-482D-BAD4-32D3B3A61F24}.Release|iPhoneSimulator.Build.0 = Release|Any CPU
		{294452E8-9C65-482D-BAD4-32D3B3A61F24}.Release|iPhoneSimulator.Deploy.0 = Release|Any CPU
	EndGlobalSection
	GlobalSection(SolutionProperties) = preSolution
		HideSolutionNode = FALSE
	EndGlobalSection
	GlobalSection(ExtensibilityGlobals) = postSolution
		SolutionGuid = {C63406F0-CACB-4FB3-8C20-8DBD43CD4D7F}
	EndGlobalSection
EndGlobal
